
Microsoft Visual Studio Solution File, Format Version 12.00
# Visual Studio Version 17
VisualStudioVersion = 17.0.31903.59
MinimumVisualStudioVersion = 10.0.40219.1
Project("{FAE04EC0-301F-11D3-BF4B-00C04F79EFBC}") = "PMM.API", "PMM.API\PMM.API.csproj", "{14B0C2EF-CB34-46E6-8D00-F203D472F53A}"
EndProject
Project("{FAE04EC0-301F-11D3-BF4B-00C04F79EFBC}") = "PMM.Core", "PMM.Core\PMM.Core.csproj", "{CA4CB746-11BB-4B23-A225-27DABAA77C73}"
EndProject
Project("{FAE04EC0-301F-11D3-BF4B-00C04F79EFBC}") = "PMM.Data", "PMM.Data\PMM.Data.csproj", "{8DC06E0E-C508-46AB-A70B-EA06FAE7AACE}"
EndProject
Project("{FAE04EC0-301F-11D3-BF4B-00C04F79EFBC}") = "PMM.Domain", "PMM.Domain\PMM.Domain.csproj", "{165CAF2D-EB11-4B01-AB47-4B167CDCE5D5}"
EndProject
Project("{FAE04EC0-301F-11D3-BF4B-00C04F79EFBC}") = "PMM.UnitTests", "PMM.UnitTests\PMM.UnitTests.csproj", "{F5D430FF-D3CB-4AAB-977B-6CCC2EC4B0A3}"
EndProject
Project("{FAE04EC0-301F-11D3-BF4B-00C04F79EFBC}") = "PMM.IntegrationTests", "PMM.IntegrationTests\PMM.IntegrationTests.csproj", "{F06574F8-C8B5-487D-8DB9-9CAB16A0CD94}"
EndProject
Global
	GlobalSection(SolutionConfigurationPlatforms) = preSolution
		Debug|Any CPU = Debug|Any CPU
		Debug|x64 = Debug|x64
		Debug|x86 = Debug|x86
		Release|Any CPU = Release|Any CPU
		Release|x64 = Release|x64
		Release|x86 = Release|x86
	EndGlobalSection
	GlobalSection(ProjectConfigurationPlatforms) = postSolution
		{14B0C2EF-CB34-46E6-8D00-F203D472F53A}.Debug|Any CPU.ActiveCfg = Debug|Any CPU
		{14B0C2EF-CB34-46E6-8D00-F203D472F53A}.Debug|Any CPU.Build.0 = Debug|Any CPU
		{14B0C2EF-CB34-46E6-8D00-F203D472F53A}.Debug|x64.ActiveCfg = Debug|Any CPU
		{14B0C2EF-CB34-46E6-8D00-F203D472F53A}.Debug|x64.Build.0 = Debug|Any CPU
		{14B0C2EF-CB34-46E6-8D00-F203D472F53A}.Debug|x86.ActiveCfg = Debug|Any CPU
		{14B0C2EF-CB34-46E6-8D00-F203D472F53A}.Debug|x86.Build.0 = Debug|Any CPU
		{14B0C2EF-CB34-46E6-8D00-F203D472F53A}.Release|Any CPU.ActiveCfg = Release|Any CPU
		{14B0C2EF-CB34-46E6-8D00-F203D472F53A}.Release|Any CPU.Build.0 = Release|Any CPU
		{14B0C2EF-CB34-46E6-8D00-F203D472F53A}.Release|x64.ActiveCfg = Release|Any CPU
		{14B0C2EF-CB34-46E6-8D00-F203D472F53A}.Release|x64.Build.0 = Release|Any CPU
		{14B0C2EF-CB34-46E6-8D00-F203D472F53A}.Release|x86.ActiveCfg = Release|Any CPU
		{14B0C2EF-CB34-46E6-8D00-F203D472F53A}.Release|x86.Build.0 = Release|Any CPU
		{CA4CB746-11BB-4B23-A225-27DABAA77C73}.Debug|Any CPU.ActiveCfg = Debug|Any CPU
		{CA4CB746-11BB-4B23-A225-27DABAA77C73}.Debug|Any CPU.Build.0 = Debug|Any CPU
		{CA4CB746-11BB-4B23-A225-27DABAA77C73}.Debug|x64.ActiveCfg = Debug|Any CPU
		{CA4CB746-11BB-4B23-A225-27DABAA77C73}.Debug|x64.Build.0 = Debug|Any CPU
		{CA4CB746-11BB-4B23-A225-27DABAA77C73}.Debug|x86.ActiveCfg = Debug|Any CPU
		{CA4CB746-11BB-4B23-A225-27DABAA77C73}.Debug|x86.Build.0 = Debug|Any CPU
		{CA4CB746-11BB-4B23-A225-27DABAA77C73}.Release|Any CPU.ActiveCfg = Release|Any CPU
		{CA4CB746-11BB-4B23-A225-27DABAA77C73}.Release|Any CPU.Build.0 = Release|Any CPU
		{CA4CB746-11BB-4B23-A225-27DABAA77C73}.Release|x64.ActiveCfg = Release|Any CPU
		{CA4CB746-11BB-4B23-A225-27DABAA77C73}.Release|x64.Build.0 = Release|Any CPU
		{CA4CB746-11BB-4B23-A225-27DABAA77C73}.Release|x86.ActiveCfg = Release|Any CPU
		{CA4CB746-11BB-4B23-A225-27DABAA77C73}.Release|x86.Build.0 = Release|Any CPU
		{8DC06E0E-C508-46AB-A70B-EA06FAE7AACE}.Debug|Any CPU.ActiveCfg = Debug|Any CPU
		{8DC06E0E-C508-46AB-A70B-EA06FAE7AACE}.Debug|Any CPU.Build.0 = Debug|Any CPU
		{8DC06E0E-C508-46AB-A70B-EA06FAE7AACE}.Debug|x64.ActiveCfg = Debug|Any CPU
		{8DC06E0E-C508-46AB-A70B-EA06FAE7AACE}.Debug|x64.Build.0 = Debug|Any CPU
		{8DC06E0E-C508-46AB-A70B-EA06FAE7AACE}.Debug|x86.ActiveCfg = Debug|Any CPU
		{8DC06E0E-C508-46AB-A70B-EA06FAE7AACE}.Debug|x86.Build.0 = Debug|Any CPU
		{8DC06E0E-C508-46AB-A70B-EA06FAE7AACE}.Release|Any CPU.ActiveCfg = Release|Any CPU
		{8DC06E0E-C508-46AB-A70B-EA06FAE7AACE}.Release|Any CPU.Build.0 = Release|Any CPU
		{8DC06E0E-C508-46AB-A70B-EA06FAE7AACE}.Release|x64.ActiveCfg = Release|Any CPU
		{8DC06E0E-C508-46AB-A70B-EA06FAE7AACE}.Release|x64.Build.0 = Release|Any CPU
		{8DC06E0E-C508-46AB-A70B-EA06FAE7AACE}.Release|x86.ActiveCfg = Release|Any CPU
		{8DC06E0E-C508-46AB-A70B-EA06FAE7AACE}.Release|x86.Build.0 = Release|Any CPU
		{165CAF2D-EB11-4B01-AB47-4B167CDCE5D5}.Debug|Any CPU.ActiveCfg = Debug|Any CPU
		{165CAF2D-EB11-4B01-AB47-4B167CDCE5D5}.Debug|Any CPU.Build.0 = Debug|Any CPU
		{165CAF2D-EB11-4B01-AB47-4B167CDCE5D5}.Debug|x64.ActiveCfg = Debug|Any CPU
		{165CAF2D-EB11-4B01-AB47-4B167CDCE5D5}.Debug|x64.Build.0 = Debug|Any CPU
		{165CAF2D-EB11-4B01-AB47-4B167CDCE5D5}.Debug|x86.ActiveCfg = Debug|Any CPU
		{165CAF2D-EB11-4B01-AB47-4B167CDCE5D5}.Debug|x86.Build.0 = Debug|Any CPU
		{165CAF2D-EB11-4B01-AB47-4B167CDCE5D5}.Release|Any CPU.ActiveCfg = Release|Any CPU
		{165CAF2D-EB11-4B01-AB47-4B167CDCE5D5}.Release|Any CPU.Build.0 = Release|Any CPU
		{165CAF2D-EB11-4B01-AB47-4B167CDCE5D5}.Release|x64.ActiveCfg = Release|Any CPU
		{165CAF2D-EB11-4B01-AB47-4B167CDCE5D5}.Release|x64.Build.0 = Release|Any CPU
		{165CAF2D-EB11-4B01-AB47-4B167CDCE5D5}.Release|x86.ActiveCfg = Release|Any CPU
		{165CAF2D-EB11-4B01-AB47-4B167CDCE5D5}.Release|x86.Build.0 = Release|Any CPU
		{F5D430FF-D3CB-4AAB-977B-6CCC2EC4B0A3}.Debug|Any CPU.ActiveCfg = Debug|Any CPU
		{F5D430FF-D3CB-4AAB-977B-6CCC2EC4B0A3}.Debug|Any CPU.Build.0 = Debug|Any CPU
		{F5D430FF-D3CB-4AAB-977B-6CCC2EC4B0A3}.Debug|x64.ActiveCfg = Debug|Any CPU
		{F5D430FF-D3CB-4AAB-977B-6CCC2EC4B0A3}.Debug|x64.Build.0 = Debug|Any CPU
		{F5D430FF-D3CB-4AAB-977B-6CCC2EC4B0A3}.Debug|x86.ActiveCfg = Debug|Any CPU
		{F5D430FF-D3CB-4AAB-977B-6CCC2EC4B0A3}.Debug|x86.Build.0 = Debug|Any CPU
		{F5D430FF-D3CB-4AAB-977B-6CCC2EC4B0A3}.Release|Any CPU.ActiveCfg = Release|Any CPU
		{F5D430FF-D3CB-4AAB-977B-6CCC2EC4B0A3}.Release|Any CPU.Build.0 = Release|Any CPU
		{F5D430FF-D3CB-4AAB-977B-6CCC2EC4B0A3}.Release|x64.ActiveCfg = Release|Any CPU
		{F5D430FF-D3CB-4AAB-977B-6CCC2EC4B0A3}.Release|x64.Build.0 = Release|Any CPU
		{F5D430FF-D3CB-4AAB-977B-6CCC2EC4B0A3}.Release|x86.ActiveCfg = Release|Any CPU
		{F5D430FF-D3CB-4AAB-977B-6CCC2EC4B0A3}.Release|x86.Build.0 = Release|Any CPU
		{F06574F8-C8B5-487D-8DB9-9CAB16A0CD94}.Debug|Any CPU.ActiveCfg = Debug|Any CPU
		{F06574F8-C8B5-487D-8DB9-9CAB16A0CD94}.Debug|Any CPU.Build.0 = Debug|Any CPU
		{F06574F8-C8B5-487D-8DB9-9CAB16A0CD94}.Debug|x64.ActiveCfg = Debug|Any CPU
		{F06574F8-C8B5-487D-8DB9-9CAB16A0CD94}.Debug|x64.Build.0 = Debug|Any CPU
		{F06574F8-C8B5-487D-8DB9-9CAB16A0CD94}.Debug|x86.ActiveCfg = Debug|Any CPU
		{F06574F8-C8B5-487D-8DB9-9CAB16A0CD94}.Debug|x86.Build.0 = Debug|Any CPU
		{F06574F8-C8B5-487D-8DB9-9CAB16A0CD94}.Release|Any CPU.ActiveCfg = Release|Any CPU
		{F06574F8-C8B5-487D-8DB9-9CAB16A0CD94}.Release|Any CPU.Build.0 = Release|Any CPU
		{F06574F8-C8B5-487D-8DB9-9CAB16A0CD94}.Release|x64.ActiveCfg = Release|Any CPU
		{F06574F8-C8B5-487D-8DB9-9CAB16A0CD94}.Release|x64.Build.0 = Release|Any CPU
		{F06574F8-C8B5-487D-8DB9-9CAB16A0CD94}.Release|x86.ActiveCfg = Release|Any CPU
		{F06574F8-C8B5-487D-8DB9-9CAB16A0CD94}.Release|x86.Build.0 = Release|Any CPU
	EndGlobalSection
	GlobalSection(SolutionProperties) = preSolution
		HideSolutionNode = FALSE
	EndGlobalSection
EndGlobal
